
Microsoft Visual Studio Solution File, Format Version 12.00
# Visual Studio Version 17
VisualStudioVersion = 17.10.35122.118
MinimumVisualStudioVersion = 10.0.40219.1
Project("{FAE04EC0-301F-11D3-BF4B-00C04F79EFBC}") = "Recursividad", "Recursividad.csproj", "{9BE4349D-9EC2-498A-B215-17FC4CC86F99}"
EndProject
Global
	GlobalSection(SolutionConfigurationPlatforms) = preSolution
		Debug|Any CPU = Debug|Any CPU
		Release|Any CPU = Release|Any CPU
	EndGlobalSection
	GlobalSection(ProjectConfigurationPlatforms) = postSolution
		{9BE4349D-9EC2-498A-B215-17FC4CC86F99}.Debug|Any CPU.ActiveCfg = Debug|Any CPU
		{9BE4349D-9EC2-498A-B215-17FC4CC86F99}.Debug|Any CPU.Build.0 = Debug|Any CPU
		{9BE4349D-9EC2-498A-B215-17FC4CC86F99}.Release|Any CPU.ActiveCfg = Release|Any CPU
		{9BE4349D-9EC2-498A-B215-17FC4CC86F99}.Release|Any CPU.Build.0 = Release|Any CPU
	EndGlobalSection
	GlobalSection(SolutionProperties) = preSolution
		HideSolutionNode = FALSE
	EndGlobalSection
	GlobalSection(ExtensibilityGlobals) = postSolution
		SolutionGuid = {B144D516-313A-49BB-95B1-A1B248305FE4}
	EndGlobalSection
EndGlobal
